
Microsoft Visual Studio Solution File, Format Version 12.00
# Visual Studio 15
VisualStudioVersion = 15.0.28307.421
MinimumVisualStudioVersion = 10.0.40219.1
Project("{FAE04EC0-301F-11D3-BF4B-00C04F79EFBC}") = "RUAP", "RUAP\RUAP.csproj", "{67133480-9394-42CB-805D-FAB607A83270}"
EndProject
Global
	GlobalSection(SolutionConfigurationPlatforms) = preSolution
		Debug|Any CPU = Debug|Any CPU
		Release|Any CPU = Release|Any CPU
	EndGlobalSection
	GlobalSection(ProjectConfigurationPlatforms) = postSolution
		{67133480-9394-42CB-805D-FAB607A83270}.Debug|Any CPU.ActiveCfg = Debug|Any CPU
		{67133480-9394-42CB-805D-FAB607A83270}.Debug|Any CPU.Build.0 = Debug|Any CPU
		{67133480-9394-42CB-805D-FAB607A83270}.Release|Any CPU.ActiveCfg = Release|Any CPU
		{67133480-9394-42CB-805D-FAB607A83270}.Release|Any CPU.Build.0 = Release|Any CPU
	EndGlobalSection
	GlobalSection(SolutionProperties) = preSolution
		HideSolutionNode = FALSE
	EndGlobalSection
	GlobalSection(ExtensibilityGlobals) = postSolution
		SolutionGuid = {78F32FD8-E9AB-48EE-96C7-11AC1097705D}
	EndGlobalSection
EndGlobal
